
Microsoft Visual Studio Solution File, Format Version 12.00
Project("{FAE04EC0-301F-11D3-BF4B-00C04F79EFBC}") = "VShop.ProductApi", "VShop.ProductApi\VShop.ProductApi.csproj", "{6363644E-4931-4657-907B-96724A9F5973}"
EndProject
Project("{FAE04EC0-301F-11D3-BF4B-00C04F79EFBC}") = "VShop.Web", "VShop.Web\VShop.Web.csproj", "{16D31840-C4AA-4290-BD8B-192A6FF260EB}"
EndProject
Project("{2150E333-8FDC-42A3-9474-1A3956D46DE8}") = "Frontend", "Frontend", "{260AA501-057A-4BAF-8987-3A4616193BA1}"
EndProject
Project("{2150E333-8FDC-42A3-9474-1A3956D46DE8}") = "Backend", "Backend", "{81739B69-6C2E-4503-B432-10619E09B52A}"
EndProject
Project("{FAE04EC0-301F-11D3-BF4B-00C04F79EFBC}") = "VShop.IdentityServer", "VShop.IdentityServer\VShop.IdentityServer.csproj", "{076DEC05-C517-4080-A657-DF543F1E23E9}"
EndProject
Project("{FAE04EC0-301F-11D3-BF4B-00C04F79EFBC}") = "VShop.CartApi", "VShop.CartApi\VShop.CartApi.csproj", "{6735BCCF-7810-47C5-B568-736E21472C34}"
EndProject
Project("{FAE04EC0-301F-11D3-BF4B-00C04F79EFBC}") = "VShop.DiscountApi", "VShop.DiscountApi\VShop.DiscountApi.csproj", "{AF247203-01CE-478E-B0EE-2F0BB943C88D}"
EndProject
Global
	GlobalSection(SolutionConfigurationPlatforms) = preSolution
		Debug|Any CPU = Debug|Any CPU
		Release|Any CPU = Release|Any CPU
	EndGlobalSection
	GlobalSection(ProjectConfigurationPlatforms) = postSolution
		{6363644E-4931-4657-907B-96724A9F5973}.Debug|Any CPU.ActiveCfg = Debug|Any CPU
		{6363644E-4931-4657-907B-96724A9F5973}.Debug|Any CPU.Build.0 = Debug|Any CPU
		{6363644E-4931-4657-907B-96724A9F5973}.Release|Any CPU.ActiveCfg = Release|Any CPU
		{6363644E-4931-4657-907B-96724A9F5973}.Release|Any CPU.Build.0 = Release|Any CPU
		{16D31840-C4AA-4290-BD8B-192A6FF260EB}.Debug|Any CPU.ActiveCfg = Debug|Any CPU
		{16D31840-C4AA-4290-BD8B-192A6FF260EB}.Debug|Any CPU.Build.0 = Debug|Any CPU
		{16D31840-C4AA-4290-BD8B-192A6FF260EB}.Release|Any CPU.ActiveCfg = Release|Any CPU
		{16D31840-C4AA-4290-BD8B-192A6FF260EB}.Release|Any CPU.Build.0 = Release|Any CPU
		{076DEC05-C517-4080-A657-DF543F1E23E9}.Debug|Any CPU.ActiveCfg = Debug|Any CPU
		{076DEC05-C517-4080-A657-DF543F1E23E9}.Debug|Any CPU.Build.0 = Debug|Any CPU
		{076DEC05-C517-4080-A657-DF543F1E23E9}.Release|Any CPU.ActiveCfg = Release|Any CPU
		{076DEC05-C517-4080-A657-DF543F1E23E9}.Release|Any CPU.Build.0 = Release|Any CPU
		{6735BCCF-7810-47C5-B568-736E21472C34}.Debug|Any CPU.ActiveCfg = Debug|Any CPU
		{6735BCCF-7810-47C5-B568-736E21472C34}.Debug|Any CPU.Build.0 = Debug|Any CPU
		{6735BCCF-7810-47C5-B568-736E21472C34}.Release|Any CPU.ActiveCfg = Release|Any CPU
		{6735BCCF-7810-47C5-B568-736E21472C34}.Release|Any CPU.Build.0 = Release|Any CPU
		{AF247203-01CE-478E-B0EE-2F0BB943C88D}.Debug|Any CPU.ActiveCfg = Debug|Any CPU
		{AF247203-01CE-478E-B0EE-2F0BB943C88D}.Debug|Any CPU.Build.0 = Debug|Any CPU
		{AF247203-01CE-478E-B0EE-2F0BB943C88D}.Release|Any CPU.ActiveCfg = Release|Any CPU
		{AF247203-01CE-478E-B0EE-2F0BB943C88D}.Release|Any CPU.Build.0 = Release|Any CPU
	EndGlobalSection
	GlobalSection(NestedProjects) = preSolution
		{16D31840-C4AA-4290-BD8B-192A6FF260EB} = {260AA501-057A-4BAF-8987-3A4616193BA1}
		{6363644E-4931-4657-907B-96724A9F5973} = {81739B69-6C2E-4503-B432-10619E09B52A}
		{076DEC05-C517-4080-A657-DF543F1E23E9} = {81739B69-6C2E-4503-B432-10619E09B52A}
		{6735BCCF-7810-47C5-B568-736E21472C34} = {81739B69-6C2E-4503-B432-10619E09B52A}
		{AF247203-01CE-478E-B0EE-2F0BB943C88D} = {81739B69-6C2E-4503-B432-10619E09B52A}
	EndGlobalSection
EndGlobal
